
Microsoft Visual Studio Solution File, Format Version 12.00
# Visual Studio 15
VisualStudioVersion = 15.0.26403.3
MinimumVisualStudioVersion = 10.0.40219.1
Project("{FAE04EC0-301F-11D3-BF4B-00C04F79EFBC}") = "Njinx.App", "Njinx.App\Njinx.App.csproj", "{CD2A924D-652C-49C7-A9A8-E02395E0241C}"
EndProject
Project("{FAE04EC0-301F-11D3-BF4B-00C04F79EFBC}") = "Njinx.Data", "Njinx.DAL\Njinx.Data.csproj", "{52B27E48-F3FD-4BDA-A37B-EED3E08B6EF5}"
EndProject
Project("{FAE04EC0-301F-11D3-BF4B-00C04F79EFBC}") = "Njinx.Core", "Njinx.Core\Njinx.Core.csproj", "{5BC4836C-CB1C-4DCD-8B31-E5E40433533C}"
EndProject
Project("{FAE04EC0-301F-11D3-BF4B-00C04F79EFBC}") = "Njinx.Service", "Njinx.Service\Njinx.Service.csproj", "{293C3FE3-BC86-40E4-B0C7-F5B64584817C}"
EndProject
Global
	GlobalSection(SolutionConfigurationPlatforms) = preSolution
		Debug|Any CPU = Debug|Any CPU
		Release|Any CPU = Release|Any CPU
	EndGlobalSection
	GlobalSection(ProjectConfigurationPlatforms) = postSolution
		{CD2A924D-652C-49C7-A9A8-E02395E0241C}.Debug|Any CPU.ActiveCfg = Debug|Any CPU
		{CD2A924D-652C-49C7-A9A8-E02395E0241C}.Debug|Any CPU.Build.0 = Debug|Any CPU
		{CD2A924D-652C-49C7-A9A8-E02395E0241C}.Release|Any CPU.ActiveCfg = Release|Any CPU
		{CD2A924D-652C-49C7-A9A8-E02395E0241C}.Release|Any CPU.Build.0 = Release|Any CPU
		{52B27E48-F3FD-4BDA-A37B-EED3E08B6EF5}.Debug|Any CPU.ActiveCfg = Debug|Any CPU
		{52B27E48-F3FD-4BDA-A37B-EED3E08B6EF5}.Debug|Any CPU.Build.0 = Debug|Any CPU
		{52B27E48-F3FD-4BDA-A37B-EED3E08B6EF5}.Release|Any CPU.ActiveCfg = Release|Any CPU
		{52B27E48-F3FD-4BDA-A37B-EED3E08B6EF5}.Release|Any CPU.Build.0 = Release|Any CPU
		{5BC4836C-CB1C-4DCD-8B31-E5E40433533C}.Debug|Any CPU.ActiveCfg = Debug|Any CPU
		{5BC4836C-CB1C-4DCD-8B31-E5E40433533C}.Debug|Any CPU.Build.0 = Debug|Any CPU
		{5BC4836C-CB1C-4DCD-8B31-E5E40433533C}.Release|Any CPU.ActiveCfg = Release|Any CPU
		{5BC4836C-CB1C-4DCD-8B31-E5E40433533C}.Release|Any CPU.Build.0 = Release|Any CPU
		{293C3FE3-BC86-40E4-B0C7-F5B64584817C}.Debug|Any CPU.ActiveCfg = Debug|Any CPU
		{293C3FE3-BC86-40E4-B0C7-F5B64584817C}.Debug|Any CPU.Build.0 = Debug|Any CPU
		{293C3FE3-BC86-40E4-B0C7-F5B64584817C}.Release|Any CPU.ActiveCfg = Release|Any CPU
		{293C3FE3-BC86-40E4-B0C7-F5B64584817C}.Release|Any CPU.Build.0 = Release|Any CPU
	EndGlobalSection
	GlobalSection(SolutionProperties) = preSolution
		HideSolutionNode = FALSE
	EndGlobalSection
EndGlobal
